// !$*UTF8*$!
{
	archiveVersion = 1;
	classes = {
	};
	objectVersion = 48;
	objects = {

/* Begin PBXBuildFile section */
		FFD148AC20254A3200BBC89C /* AppDelegate.m in Sources */ = {isa = PBXBuildFile; fileRef = FFD148AB20254A3200BBC89C /* AppDelegate.m */; };
		FFD148AF20254A3200BBC89C /* ViewController.m in Sources */ = {isa = PBXBuildFile; fileRef = FFD148AE20254A3200BBC89C /* ViewController.m */; };
		FFD148B220254A3200BBC89C /* Main.storyboard in Resources */ = {isa = PBXBuildFile; fileRef = FFD148B020254A3200BBC89C /* Main.storyboard */; };
		FFD148B420254A3200BBC89C /* Assets.xcassets in Resources */ = {isa = PBXBuildFile; fileRef = FFD148B320254A3200BBC89C /* Assets.xcassets */; };
		FFD148B720254A3200BBC89C /* LaunchScreen.storyboard in Resources */ = {isa = PBXBuildFile; fileRef = FFD148B520254A3200BBC89C /* LaunchScreen.storyboard */; };
		FFD148BA20254A3200BBC89C /* main.m in Sources */ = {isa = PBXBuildFile; fileRef = FFD148B920254A3200BBC89C /* main.m */; };
/* End PBXBuildFile section */

/* Begin PBXFileReference section */
		FFD148A720254A3200BBC89C /* WKWebViewProgress.app */ = {isa = PBXFileReference; explicitFileType = wrapper.application; includeInIndex = 0; path = WKWebViewProgress.app; sourceTree = BUILT_PRODUCTS_DIR; };
		FFD148AA20254A3200BBC89C /* AppDelegate.h */ = {isa = PBXFileReference; lastKnownFileType = sourcecode.c.h; path = AppDelegate.h; sourceTree = "<group>"; };
		FFD148AB20254A3200BBC89C /* AppDelegate.m */ = {isa = PBXFileReference; lastKnownFileType = sourcecode.c.objc; path = AppDelegate.m; sourceTree = "<group>"; };
		FFD148AD20254A3200BBC89C /* ViewController.h */ = {isa = PBXFileReference; lastKnownFileType = sourcecode.c.h; path = ViewController.h; sourceTree = "<group>"; };
		FFD148AE20254A3200BBC89C /* ViewController.m */ = {isa = PBXFileReference; lastKnownFileType = sourcecode.c.objc; path = ViewController.m; sourceTree = "<group>"; };
		FFD148B120254A3200BBC89C /* Base */ = {isa = PBXFileReference; lastKnownFileType = file.storyboard; name = Base; path = Base.lproj/Main.storyboard; sourceTree = "<group>"; };
		FFD148B320254A3200BBC89C /* Assets.xcassets */ = {isa = PBXFileReference; lastKnownFileType = folder.assetcatalog; path = Assets.xcassets; sourceTree = "<group>"; };
		FFD148B620254A3200BBC89C /* Base */ = {isa = PBXFileReference; lastKnownFileType = file.storyboard; name = Base; path = Base.lproj/LaunchScreen.storyboard; sourceTree = "<group>"; };
		FFD148B820254A3200BBC89C /* Info.plist */ = {isa = PBXFileReference; lastKnownFileType = text.plist.xml; path = Info.plist; sourceTree = "<group>"; };
		FFD148B920254A3200BBC89C /* main.m */ = {isa = PBXFileReference; lastKnownFileType = sourcecode.c.objc; path = main.m; sourceTree = "<group>"; };
/* End PBXFileReference section */

/* Begin PBXFrameworksBuildPhase section */
		FFD148A420254A3200BBC89C /* Frameworks */ = {
			isa = PBXFrameworksBuildPhase;
			buildActionMask = 2147483647;
			files = (
			);
			runOnlyForDeploymentPostprocessing = 0;
		};
/* End PBXFrameworksBuildPhase section */

/* Begin PBXGroup section */
		FFD1489E20254A3200BBC89C = {
			isa = PBXGroup;
			children = (
				FFD148A920254A3200BBC89C /* WKWebViewProgress */,
				FFD148A820254A3200BBC89C /* Products */,
			);
			sourceTree = "<group>";
		};
		FFD148A820254A3200BBC89C /* Products */ = {
			isa = PBXGroup;
			children = (
				FFD148A720254A3200BBC89C /* WKWebViewProgress.app */,
			);
			name = Products;
			sourceTree = "<group>";
		};
		FFD148A920254A3200BBC89C /* WKWebViewProgress */ = {
			isa = PBXGroup;
			children = (
				FFD148AA20254A3200BBC89C /* AppDelegate.h */,
				FFD148AB20254A3200BBC89C /* AppDelegate.m */,
				FFD148AD20254A3200BBC89C /* ViewController.h */,
				FFD148AE20254A3200BBC89C /* ViewController.m */,
				FFD148B020254A3200BBC89C /* Main.storyboard */,
				FFD148B320254A3200BBC89C /* Assets.xcassets */,
				FFD148B520254A3200BBC89C /* LaunchScreen.storyboard */,
				FFD148B820254A3200BBC89C /* Info.plist */,
				FFD148B920254A3200BBC89C /* main.m */,
			);
			path = WKWebViewProgress;
			sourceTree = "<group>";
		};
/* End PBXGroup section */

/* Begin PBXNativeTarget section */
		FFD148A620254A3200BBC89C /* WKWebViewProgress */ = {
			isa = PBXNativeTarget;
			buildConfigurationList = FFD148BD20254A3200BBC89C /* Build configuration list for PBXNativeTarget "WKWebViewProgress" */;
			buildPhases = (
				FFD148A320254A3200BBC89C /* Sources */,
				FFD148A420254A3200BBC89C /* Frameworks */,
				FFD148A520254A3200BBC89C /* Resources */,
			);
			buildRules = (
			);
			dependencies = (
			);
			name = WKWebViewProgress;
			productName = WKWebViewProgress;
			productReference = FFD148A720254A3200BBC89C /* WKWebViewProgress.app */;
			productType = "com.apple.product-type.application";
		};
/* End PBXNativeTarget section */

/* Begin PBXProject section */
		FFD1489F20254A3200BBC89C /* Project object */ = {
			isa = PBXProject;
			attributes = {
				LastUpgradeCheck = 0920;
				ORGANIZATIONNAME = zwj;
				TargetAttributes = {
					FFD148A620254A3200BBC89C = {
						CreatedOnToolsVersion = 9.2;
						ProvisioningStyle = Automatic;
					};
				};
			};
			buildConfigurationList = FFD148A220254A3200BBC89C /* Build configuration list for PBXProject "WKWebViewProgress" */;
			compatibilityVersion = "Xcode 8.0";
			developmentRegion = en;
			hasScannedForEncodings = 0;
			knownRegions = (
				en,
				Base,
			);
			mainGroup = FFD1489E20254A3200BBC89C;
			productRefGroup = FFD148A820254A3200BBC89C /* Products */;
			projectDirPath = "";
			projectRoot = "";
			targets = (
				FFD148A620254A3200BBC89C /* WKWebViewProgress */,
			);
		};
/* End PBXProject section */

/* Begin PBXResourcesBuildPhase section */
		FFD148A520254A3200BBC89C /* Resources */ = {
			isa = PBXResourcesBuildPhase;
			buildActionMask = 2147483647;
			files = (
				FFD148B720254A3200BBC89C /* LaunchScreen.storyboard in Resources */,
				FFD148B420254A3200BBC89C /* Assets.xcassets in Resources */,
				FFD148B220254A3200BBC89C /* Main.storyboard in Resources */,
			);
			runOnlyForDeploymentPostprocessing = 0;
		};
/* End PBXResourcesBuildPhase section */

/* Begin PBXSourcesBuildPhase section */
		FFD148A320254A3200BBC89C /* Sources */ = {
			isa = PBXSourcesBuildPhase;
			buildActionMask = 2147483647;
			files = (
				FFD148AF20254A3200BBC89C /* ViewController.m in Sources */,
				FFD148BA20254A3200BBC89C /* main.m in Sources */,
				FFD148AC20254A3200BBC89C /* AppDelegate.m in Sources */,
			);
			runOnlyForDeploymentPostprocessing = 0;
		};
/* End PBXSourcesBuildPhase section */

/* Begin PBXVariantGroup section */
		FFD148B020254A3200BBC89C /* Main.storyboard */ = {
			isa = PBXVariantGroup;
			children = (
				FFD148B120254A3200BBC89C /* Base */,
			);
			name = Main.storyboard;
			sourceTree = "<group>";
		};
		FFD148B520254A3200BBC89C /* LaunchScreen.storyboard */ = {
			isa = PBXVariantGroup;
			children = (
				FFD148B620254A3200BBC89C /* Base */,
			);
			name = LaunchScreen.storyboard;
			sourceTree = "<group>";
		};
/* End PBXVariantGroup section */

/* Begin XCBuildConfiguration section */
		FFD148BB20254A3200BBC89C /* Debug */ = {
			isa = XCBuildConfiguration;
			buildSettings = {
				ALWAYS_SEARCH_USER_PATHS = NO;
				CLANG_ANALYZER_NONNULL = YES;
				CLANG_ANALYZER_NUMBER_OBJECT_CONVERSION = YES_AGGRESSIVE;
				CLANG_CXX_LANGUAGE_STANDARD = "gnu++14";
				CLANG_CXX_LIBRARY = "libc++";
				CLANG_ENABLE_MODULES = YES;
				CLANG_ENABLE_OBJC_ARC = YES;
				CLANG_WARN_BLOCK_CAPTURE_AUTORELEASING = YES;
				CLANG_WARN_BOOL_CONVERSION = YES;
				CLANG_WARN_COMMA = YES;
				CLANG_WARN_CONSTANT_CONVERSION = YES;
				CLANG_WARN_DIRECT_OBJC_ISA_USAGE = YES_ERROR;
				CLANG_WARN_DOCUMENTATION_COMMENTS = YES;
				CLANG_WARN_EMPTY_BODY = YES;
				CLANG_WARN_ENUM_CONVERSION = YES;
				CLANG_WARN_INFINITE_RECURSION = YES;
				CLANG_WARN_INT_CONVERSION = YES;
				CLANG_WARN_NON_LITERAL_NULL_CONVERSION = YES;
				CLANG_WARN_OBJC_LITERAL_CONVERSION = YES;
				CLANG_WARN_OBJC_ROOT_CLASS = YES_ERROR;
				CLANG_WARN_RANGE_LOOP_ANALYSIS = YES;
				CLANG_WARN_STRICT_PROTOTYPES = YES;
				CLANG_WARN_SUSPICIOUS_MOVE = YES;
				CLANG_WARN_UNGUARDED_AVAILABILITY = YES_AGGRESSIVE;
				CLANG_WARN_UNREACHABLE_CODE = YES;
				CLANG_WARN__DUPLICATE_METHOD_MATCH = YES;
				CODE_SIGN_IDENTITY = "iPhone Developer";
				COPY_PHASE_STRIP = NO;
				DEBUG_INFORMATION_FORMAT = dwarf;
				ENABLE_STRICT_OBJC_MSGSEND = YES;
				ENABLE_TESTABILITY = YES;
				GCC_C_LANGUAGE_STANDARD = gnu11;
				GCC_DYNAMIC_NO_PIC = NO;
				GCC_NO_COMMON_BLOCKS = YES;
				GCC_OPTIMIZATION_LEVEL = 0;
				GCC_PREPROCESSOR_DEFINITIONS = (
					"DEBUG=1",
					"$(inherited)",
				);
				GCC_WARN_64_TO_32_BIT_CONVERSION = YES;
				GCC_WARN_ABOUT_RETURN_TYPE = YES_ERROR;
				GCC_WARN_UNDECLARED_SELECTOR = YES;
				GCC_WARN_UNINITIALIZED_AUTOS = YES_AGGRESSIVE;
				GCC_WARN_UNUSED_FUNCTION = YES;
				GCC_WARN_UNUSED_VARIABLE = YES;
				IPHONEOS_DEPLOYMENT_TARGET = 11.2;
				MTL_ENABLE_DEBUG_INFO = YES;
				ONLY_ACTIVE_ARCH = YES;
				SDKROOT = iphoneos;
			};
			name = Debug;
		};
		FFD148BC20254A3200BBC89C /* Release */ = {
			isa = XCBuildConfiguration;
			buildSettings = {
				ALWAYS_SEARCH_USER_PATHS = NO;
				CLANG_ANALYZER_NONNULL = YES;
				CLANG_ANALYZER_NUMBER_OBJECT_CONVERSION = YES_AGGRESSIVE;
				CLANG_CXX_LANGUAGE_STANDARD = "gnu++14";
				CLANG_CXX_LIBRARY = "libc++";
				CLANG_ENABLE_MODULES = YES;
				CLANG_ENABLE_OBJC_ARC = YES;
				CLANG_WARN_BLOCK_CAPTURE_AUTORELEASING = YES;
				CLANG_WARN_BOOL_CONVERSION = YES;
				CLANG_WARN_COMMA = YES;
				CLANG_WARN_CONSTANT_CONVERSION = YES;
				CLANG_WARN_DIRECT_OBJC_ISA_USAGE = YES_ERROR;
				CLANG_WARN_DOCUMENTATION_COMMENTS = YES;
				CLANG_WARN_EMPTY_BODY = YES;
				CLANG_WARN_ENUM_CONVERSION = YES;
				CLANG_WARN_INFINITE_RECURSION = YES;
				CLANG_WARN_INT_CONVERSION = YES;
				CLANG_WARN_NON_LITERAL_NULL_CONVERSION = YES;
				CLANG_WARN_OBJC_LITERAL_CONVERSION = YES;
				CLANG_WARN_OBJC_ROOT_CLASS = YES_ERROR;
				CLANG_WARN_RANGE_LOOP_ANALYSIS = YES;
				CLANG_WARN_STRICT_PROTOTYPES = YES;
				CLANG_WARN_SUSPICIOUS_MOVE = YES;
				CLANG_WARN_UNGUARDED_AVAILABILITY = YES_AGGRESSIVE;
				CLANG_WARN_UNREACHABLE_CODE = YES;
				CLANG_WARN__DUPLICATE_METHOD_MATCH = YES;
				CODE_SIGN_IDENTITY = "iPhone Developer";
				COPY_PHASE_STRIP = NO;
				DEBUG_INFORMATION_FORMAT = "dwarf-with-dsym";
				ENABLE_NS_ASSERTIONS = NO;
				ENABLE_STRICT_OBJC_MSGSEND = YES;
				GCC_C_LANGUAGE_STANDARD = gnu11;
				GCC_NO_COMMON_BLOCKS = YES;
				GCC_WARN_64_TO_32_BIT_CONVERSION = YES;
				GCC_WARN_ABOUT_RETURN_TYPE = YES_ERROR;
				GCC_WARN_UNDECLARED_SELECTOR = YES;
				GCC_WARN_UNINITIALIZED_AUTOS = YES_AGGRESSIVE;
				GCC_WARN_UNUSED_FUNCTION = YES;
				GCC_WARN_UNUSED_VARIABLE = YES;
				IPHONEOS_DEPLOYMENT_TARGET = 11.2;
				MTL_ENABLE_DEBUG_INFO = NO;
				SDKROOT = iphoneos;
				VALIDATE_PRODUCT = YES;
			};
			name = Release;
		};
		FFD148BE20254A3200BBC89C /* Debug */ = {
			isa = XCBuildConfiguration;
			buildSettings = {
				ASSETCATALOG_COMPILER_APPICON_NAME = AppIcon;
				CODE_SIGN_STYLE = Automatic;
				INFOPLIST_FILE = WKWebViewProgress/Info.plist;
				LD_RUNPATH_SEARCH_PATHS = "$(inherited) @executable_path/Frameworks";
				PRODUCT_BUNDLE_IDENTIFIER = zwj.WKWebViewProgress;
				PRODUCT_NAME = "$(TARGET_NAME)";
				TARGETED_DEVICE_FAMILY = "1,2";
			};
			name = Debug;
		};
		FFD148BF20254A3200BBC89C /* Release */ = {
			isa = XCBuildConfiguration;
			buildSettings = {
				ASSETCATALOG_COMPILER_APPICON_NAME = AppIcon;
				CODE_SIGN_STYLE = Automatic;
				INFOPLIST_FILE = WKWebViewProgress/Info.plist;
				LD_RUNPATH_SEARCH_PATHS = "$(inherited) @executable_path/Frameworks";
				PRODUCT_BUNDLE_IDENTIFIER = zwj.WKWebViewProgress;
				PRODUCT_NAME = "$(TARGET_NAME)";
				TARGETED_DEVICE_FAMILY = "1,2";
			};
			name = Release;
		};
/* End XCBuildConfiguration section */

/* Begin XCConfigurationList section */
		FFD148A220254A3200BBC89C /* Build configuration list for PBXProject "WKWebViewProgress" */ = {
			isa = XCConfigurationList;
			buildConfigurations = (
				FFD148BB20254A3200BBC89C /* Debug */,
				FFD148BC20254A3200BBC89C /* Release */,
			);
			defaultConfigurationIsVisible = 0;
			defaultConfigurationName = Release;
		};
		FFD148BD20254A3200BBC89C /* Build configuration list for PBXNativeTarget "WKWebViewProgress" */ = {
			isa = XCConfigurationList;
			buildConfigurations = (
				FFD148BE20254A3200BBC89C /* Debug */,
				FFD148BF20254A3200BBC89C /* Release */,
			);
			defaultConfigurationIsVisible = 0;
			defaultConfigurationName = Release;
		};
/* End XCConfigurationList section */
	};
	rootObject = FFD1489F20254A3200BBC89C /* Project object */;
}
